
Microsoft Visual Studio Solution File, Format Version 12.00
# Visual Studio Version 16
VisualStudioVersion = 16.0.31105.61
MinimumVisualStudioVersion = 10.0.40219.1
Project("{9A19103F-16F7-4668-BE54-9A1E7A4F7556}") = "OpenApiDiscoverability.Webapi", "OpenApiDiscoverability.Webapi\OpenApiDiscoverability.Webapi.csproj", "{429C0FB7-84E0-4BDB-A7AC-47729ED63AAB}"
EndProject
Project("{2150E333-8FDC-42A3-9474-1A3956D46DE8}") = "Swagger", "Swagger", "{C0A2BB33-ECC9-4A0A-81C3-EF96FA6D4128}"
	ProjectSection(SolutionItems) = preProject
		Swagger\Swagger.md = Swagger\Swagger.md
		Swagger\swagger_V1.json = Swagger\swagger_V1.json
		Swagger\swagger_V2.json = Swagger\swagger_V2.json
	EndProjectSection
EndProject
Global
	GlobalSection(SolutionConfigurationPlatforms) = preSolution
		Debug|Any CPU = Debug|Any CPU
		Release|Any CPU = Release|Any CPU
	EndGlobalSection
	GlobalSection(ProjectConfigurationPlatforms) = postSolution
		{429C0FB7-84E0-4BDB-A7AC-47729ED63AAB}.Debug|Any CPU.ActiveCfg = Debug|Any CPU
		{429C0FB7-84E0-4BDB-A7AC-47729ED63AAB}.Debug|Any CPU.Build.0 = Debug|Any CPU
		{429C0FB7-84E0-4BDB-A7AC-47729ED63AAB}.Release|Any CPU.ActiveCfg = Release|Any CPU
		{429C0FB7-84E0-4BDB-A7AC-47729ED63AAB}.Release|Any CPU.Build.0 = Release|Any CPU
	EndGlobalSection
	GlobalSection(SolutionProperties) = preSolution
		HideSolutionNode = FALSE
	EndGlobalSection
	GlobalSection(ExtensibilityGlobals) = postSolution
		SolutionGuid = {E1E36C63-C9F8-45AE-B40E-EB726D6178EB}
	EndGlobalSection
EndGlobal
